{
  "nodes": {
    "nixpkgs": {
      "locked": {
        "lastModified": 1786546845,
        "narHash": "sha256-s4I+q6LYh7ATYENxbhwKKu1cbItFfHa4Tlil45O2yFQ=",
        "owner": "NixOS",
        "repo": "nixpkgs",
        "rev": "e329f32434b0cfa8b992eff7de1a1c3db33517ba",
        "type": "github"
      },
      "original": {
        "owner": "NixOS",
        "ref": "master",
        "repo": "nixpkgs",
        "type": "github"
      }
    },
    "root": {
      "inputs": {
        "nixpkgs": "nixpkgs"
      }
    }
  },
  "root": "root",
  "version": 7
}
