{
  "nodes": {
    "nixpkgs": {
      "locked": {
        "lastModified": 1785916488,
        "narHash": "sha256-dveqXShac4ZH9whSBeFyP8GY4iQU6zpMIkyCgPUdLOY=",
        "owner": "NixOS",
        "repo": "nixpkgs",
        "rev": "dc56dcbed57fa354b45a3a68a4eedd74663ae5ce",
        "type": "github"
      },
      "original": {
        "owner": "NixOS",
        "ref": "master",
        "repo": "nixpkgs",
        "type": "github"
      }
    },
    "root": {
      "inputs": {
        "nixpkgs": "nixpkgs"
      }
    }
  },
  "root": "root",
  "version": 7
}
